
Microsoft Visual Studio Solution File, Format Version 12.00
# Visual Studio 15
VisualStudioVersion = 15.0.26730.12
MinimumVisualStudioVersion = 10.0.40219.1
Project("{FAE04EC0-301F-11D3-BF4B-00C04F79EFBC}") = "GeekPizza1", "GeekPizza1\GeekPizza1\GeekPizza1.csproj", "{AF2285CA-689F-48A6-AC83-5EDD3CBFD120}"
EndProject
Project("{FAE04EC0-301F-11D3-BF4B-00C04F79EFBC}") = "GeekPizza1.Android", "GeekPizza1\GeekPizza1.Android\GeekPizza1.Android.csproj", "{A27B08DC-0373-44C9-B5ED-962A2E5F5C10}"
EndProject
Project("{FAE04EC0-301F-11D3-BF4B-00C04F79EFBC}") = "GeekPizza1.iOS", "GeekPizza1\GeekPizza1.iOS\GeekPizza1.iOS.csproj", "{C659E1B7-645E-4E07-AEDC-2985763BF5E4}"
EndProject
Project("{FAE04EC0-301F-11D3-BF4B-00C04F79EFBC}") = "GeekPizza.Tests.UI", "GeekPizza.Tests.UI\GeekPizza.Tests.UI.csproj", "{BC57C097-517C-4CC8-8E26-AC8E653916E9}"
EndProject
Global
	GlobalSection(SolutionConfigurationPlatforms) = preSolution
		Debug|Any CPU = Debug|Any CPU
		Debug|iPhone = Debug|iPhone
		Debug|iPhoneSimulator = Debug|iPhoneSimulator
		Release|Any CPU = Release|Any CPU
		Release|iPhone = Release|iPhone
		Release|iPhoneSimulator = Release|iPhoneSimulator
	EndGlobalSection
	GlobalSection(ProjectConfigurationPlatforms) = postSolution
		{AF2285CA-689F-48A6-AC83-5EDD3CBFD120}.Debug|Any CPU.ActiveCfg = Debug|Any CPU
		{AF2285CA-689F-48A6-AC83-5EDD3CBFD120}.Debug|Any CPU.Build.0 = Debug|Any CPU
		{AF2285CA-689F-48A6-AC83-5EDD3CBFD120}.Debug|iPhone.ActiveCfg = Debug|Any CPU
		{AF2285CA-689F-48A6-AC83-5EDD3CBFD120}.Debug|iPhone.Build.0 = Debug|Any CPU
		{AF2285CA-689F-48A6-AC83-5EDD3CBFD120}.Debug|iPhoneSimulator.ActiveCfg = Debug|Any CPU
		{AF2285CA-689F-48A6-AC83-5EDD3CBFD120}.Debug|iPhoneSimulator.Build.0 = Debug|Any CPU
		{AF2285CA-689F-48A6-AC83-5EDD3CBFD120}.Release|Any CPU.ActiveCfg = Release|Any CPU
		{AF2285CA-689F-48A6-AC83-5EDD3CBFD120}.Release|Any CPU.Build.0 = Release|Any CPU
		{AF2285CA-689F-48A6-AC83-5EDD3CBFD120}.Release|iPhone.ActiveCfg = Release|Any CPU
		{AF2285CA-689F-48A6-AC83-5EDD3CBFD120}.Release|iPhone.Build.0 = Release|Any CPU
		{AF2285CA-689F-48A6-AC83-5EDD3CBFD120}.Release|iPhoneSimulator.ActiveCfg = Release|Any CPU
		{AF2285CA-689F-48A6-AC83-5EDD3CBFD120}.Release|iPhoneSimulator.Build.0 = Release|Any CPU
		{A27B08DC-0373-44C9-B5ED-962A2E5F5C10}.Debug|Any CPU.ActiveCfg = Debug|Any CPU
		{A27B08DC-0373-44C9-B5ED-962A2E5F5C10}.Debug|Any CPU.Build.0 = Debug|Any CPU
		{A27B08DC-0373-44C9-B5ED-962A2E5F5C10}.Debug|Any CPU.Deploy.0 = Debug|Any CPU
		{A27B08DC-0373-44C9-B5ED-962A2E5F5C10}.Debug|iPhone.ActiveCfg = Debug|Any CPU
		{A27B08DC-0373-44C9-B5ED-962A2E5F5C10}.Debug|iPhone.Build.0 = Debug|Any CPU
		{A27B08DC-0373-44C9-B5ED-962A2E5F5C10}.Debug|iPhone.Deploy.0 = Debug|Any CPU
		{A27B08DC-0373-44C9-B5ED-962A2E5F5C10}.Debug|iPhoneSimulator.ActiveCfg = Debug|Any CPU
		{A27B08DC-0373-44C9-B5ED-962A2E5F5C10}.Debug|iPhoneSimulator.Build.0 = Debug|Any CPU
		{A27B08DC-0373-44C9-B5ED-962A2E5F5C10}.Debug|iPhoneSimulator.Deploy.0 = Debug|Any CPU
		{A27B08DC-0373-44C9-B5ED-962A2E5F5C10}.Release|Any CPU.ActiveCfg = Release|Any CPU
		{A27B08DC-0373-44C9-B5ED-962A2E5F5C10}.Release|Any CPU.Build.0 = Release|Any CPU
		{A27B08DC-0373-44C9-B5ED-962A2E5F5C10}.Release|Any CPU.Deploy.0 = Release|Any CPU
		{A27B08DC-0373-44C9-B5ED-962A2E5F5C10}.Release|iPhone.ActiveCfg = Release|Any CPU
		{A27B08DC-0373-44C9-B5ED-962A2E5F5C10}.Release|iPhone.Build.0 = Release|Any CPU
		{A27B08DC-0373-44C9-B5ED-962A2E5F5C10}.Release|iPhone.Deploy.0 = Release|Any CPU
		{A27B08DC-0373-44C9-B5ED-962A2E5F5C10}.Release|iPhoneSimulator.ActiveCfg = Release|Any CPU
		{A27B08DC-0373-44C9-B5ED-962A2E5F5C10}.Release|iPhoneSimulator.Build.0 = Release|Any CPU
		{A27B08DC-0373-44C9-B5ED-962A2E5F5C10}.Release|iPhoneSimulator.Deploy.0 = Release|Any CPU
		{C659E1B7-645E-4E07-AEDC-2985763BF5E4}.Debug|Any CPU.ActiveCfg = Debug|iPhone
		{C659E1B7-645E-4E07-AEDC-2985763BF5E4}.Debug|iPhone.ActiveCfg = Debug|iPhone
		{C659E1B7-645E-4E07-AEDC-2985763BF5E4}.Debug|iPhone.Build.0 = Debug|iPhone
		{C659E1B7-645E-4E07-AEDC-2985763BF5E4}.Debug|iPhoneSimulator.ActiveCfg = Debug|iPhoneSimulator
		{C659E1B7-645E-4E07-AEDC-2985763BF5E4}.Debug|iPhoneSimulator.Build.0 = Debug|iPhoneSimulator
		{C659E1B7-645E-4E07-AEDC-2985763BF5E4}.Release|Any CPU.ActiveCfg = Release|iPhone
		{C659E1B7-645E-4E07-AEDC-2985763BF5E4}.Release|iPhone.ActiveCfg = Release|iPhone
		{C659E1B7-645E-4E07-AEDC-2985763BF5E4}.Release|iPhone.Build.0 = Release|iPhone
		{C659E1B7-645E-4E07-AEDC-2985763BF5E4}.Release|iPhoneSimulator.ActiveCfg = Release|iPhoneSimulator
		{C659E1B7-645E-4E07-AEDC-2985763BF5E4}.Release|iPhoneSimulator.Build.0 = Release|iPhoneSimulator
		{BC57C097-517C-4CC8-8E26-AC8E653916E9}.Debug|Any CPU.ActiveCfg = Debug|Any CPU
		{BC57C097-517C-4CC8-8E26-AC8E653916E9}.Debug|Any CPU.Build.0 = Debug|Any CPU
		{BC57C097-517C-4CC8-8E26-AC8E653916E9}.Debug|iPhone.ActiveCfg = Debug|Any CPU
		{BC57C097-517C-4CC8-8E26-AC8E653916E9}.Debug|iPhone.Build.0 = Debug|Any CPU
		{BC57C097-517C-4CC8-8E26-AC8E653916E9}.Debug|iPhoneSimulator.ActiveCfg = Debug|Any CPU
		{BC57C097-517C-4CC8-8E26-AC8E653916E9}.Debug|iPhoneSimulator.Build.0 = Debug|Any CPU
		{BC57C097-517C-4CC8-8E26-AC8E653916E9}.Release|Any CPU.ActiveCfg = Debug|Any CPU
		{BC57C097-517C-4CC8-8E26-AC8E653916E9}.Release|Any CPU.Build.0 = Debug|Any CPU
		{BC57C097-517C-4CC8-8E26-AC8E653916E9}.Release|iPhone.ActiveCfg = Release|Any CPU
		{BC57C097-517C-4CC8-8E26-AC8E653916E9}.Release|iPhone.Build.0 = Release|Any CPU
		{BC57C097-517C-4CC8-8E26-AC8E653916E9}.Release|iPhoneSimulator.ActiveCfg = Release|Any CPU
		{BC57C097-517C-4CC8-8E26-AC8E653916E9}.Release|iPhoneSimulator.Build.0 = Release|Any CPU
	EndGlobalSection
	GlobalSection(SolutionProperties) = preSolution
		HideSolutionNode = FALSE
	EndGlobalSection
	GlobalSection(ExtensibilityGlobals) = postSolution
		SolutionGuid = {8288DE9B-1461-4D3E-8A2F-0B7EC2850D84}
	EndGlobalSection
EndGlobal
