
Microsoft Visual Studio Solution File, Format Version 12.00
# Visual Studio 15
VisualStudioVersion = 15.0.28010.2048
MinimumVisualStudioVersion = 10.0.40219.1
Project("{FAE04EC0-301F-11D3-BF4B-00C04F79EFBC}") = "GeekPizza.Android", "GeekPizza\GeekPizza.Android\GeekPizza.Android.csproj", "{BCF3BD74-D8BD-45BF-B6C8-1B3A511992DD}"
EndProject
Project("{FAE04EC0-301F-11D3-BF4B-00C04F79EFBC}") = "GeekPizza.iOS", "GeekPizza\GeekPizza.iOS\GeekPizza.iOS.csproj", "{0C0DF7CA-E67C-40FB-80B3-F172241F7D7F}"
EndProject
Project("{9A19103F-16F7-4668-BE54-9A1E7A4F7556}") = "GeekPizza", "GeekPizza\GeekPizza\GeekPizza.csproj", "{3942E8AA-54A8-426C-83EC-6DCA1BA1BD97}"
EndProject
Project("{FAE04EC0-301F-11D3-BF4B-00C04F79EFBC}") = "GeekPizza.Specs", "GeekPizza.Specs\GeekPizza.Specs.csproj", "{B19C892E-2628-4CA7-AD27-08D406A3B14B}"
EndProject
Global
	GlobalSection(SolutionConfigurationPlatforms) = preSolution
		Ad-Hoc|Any CPU = Ad-Hoc|Any CPU
		Ad-Hoc|iPhone = Ad-Hoc|iPhone
		Ad-Hoc|iPhoneSimulator = Ad-Hoc|iPhoneSimulator
		AppStore|Any CPU = AppStore|Any CPU
		AppStore|iPhone = AppStore|iPhone
		AppStore|iPhoneSimulator = AppStore|iPhoneSimulator
		Debug|Any CPU = Debug|Any CPU
		Debug|iPhone = Debug|iPhone
		Debug|iPhoneSimulator = Debug|iPhoneSimulator
		Release|Any CPU = Release|Any CPU
		Release|iPhone = Release|iPhone
		Release|iPhoneSimulator = Release|iPhoneSimulator
	EndGlobalSection
	GlobalSection(ProjectConfigurationPlatforms) = postSolution
		{BCF3BD74-D8BD-45BF-B6C8-1B3A511992DD}.Ad-Hoc|Any CPU.ActiveCfg = Release|Any CPU
		{BCF3BD74-D8BD-45BF-B6C8-1B3A511992DD}.Ad-Hoc|Any CPU.Build.0 = Release|Any CPU
		{BCF3BD74-D8BD-45BF-B6C8-1B3A511992DD}.Ad-Hoc|Any CPU.Deploy.0 = Release|Any CPU
		{BCF3BD74-D8BD-45BF-B6C8-1B3A511992DD}.Ad-Hoc|iPhone.ActiveCfg = Release|Any CPU
		{BCF3BD74-D8BD-45BF-B6C8-1B3A511992DD}.Ad-Hoc|iPhone.Build.0 = Release|Any CPU
		{BCF3BD74-D8BD-45BF-B6C8-1B3A511992DD}.Ad-Hoc|iPhone.Deploy.0 = Release|Any CPU
		{BCF3BD74-D8BD-45BF-B6C8-1B3A511992DD}.Ad-Hoc|iPhoneSimulator.ActiveCfg = Release|Any CPU
		{BCF3BD74-D8BD-45BF-B6C8-1B3A511992DD}.Ad-Hoc|iPhoneSimulator.Build.0 = Release|Any CPU
		{BCF3BD74-D8BD-45BF-B6C8-1B3A511992DD}.Ad-Hoc|iPhoneSimulator.Deploy.0 = Release|Any CPU
		{BCF3BD74-D8BD-45BF-B6C8-1B3A511992DD}.AppStore|Any CPU.ActiveCfg = Release|Any CPU
		{BCF3BD74-D8BD-45BF-B6C8-1B3A511992DD}.AppStore|Any CPU.Build.0 = Release|Any CPU
		{BCF3BD74-D8BD-45BF-B6C8-1B3A511992DD}.AppStore|Any CPU.Deploy.0 = Release|Any CPU
		{BCF3BD74-D8BD-45BF-B6C8-1B3A511992DD}.AppStore|iPhone.ActiveCfg = Release|Any CPU
		{BCF3BD74-D8BD-45BF-B6C8-1B3A511992DD}.AppStore|iPhone.Build.0 = Release|Any CPU
		{BCF3BD74-D8BD-45BF-B6C8-1B3A511992DD}.AppStore|iPhone.Deploy.0 = Release|Any CPU
		{BCF3BD74-D8BD-45BF-B6C8-1B3A511992DD}.AppStore|iPhoneSimulator.ActiveCfg = Release|Any CPU
		{BCF3BD74-D8BD-45BF-B6C8-1B3A511992DD}.AppStore|iPhoneSimulator.Build.0 = Release|Any CPU
		{BCF3BD74-D8BD-45BF-B6C8-1B3A511992DD}.AppStore|iPhoneSimulator.Deploy.0 = Release|Any CPU
		{BCF3BD74-D8BD-45BF-B6C8-1B3A511992DD}.Debug|Any CPU.ActiveCfg = Debug|Any CPU
		{BCF3BD74-D8BD-45BF-B6C8-1B3A511992DD}.Debug|Any CPU.Build.0 = Debug|Any CPU
		{BCF3BD74-D8BD-45BF-B6C8-1B3A511992DD}.Debug|Any CPU.Deploy.0 = Debug|Any CPU
		{BCF3BD74-D8BD-45BF-B6C8-1B3A511992DD}.Debug|iPhone.ActiveCfg = Debug|Any CPU
		{BCF3BD74-D8BD-45BF-B6C8-1B3A511992DD}.Debug|iPhone.Build.0 = Debug|Any CPU
		{BCF3BD74-D8BD-45BF-B6C8-1B3A511992DD}.Debug|iPhone.Deploy.0 = Debug|Any CPU
		{BCF3BD74-D8BD-45BF-B6C8-1B3A511992DD}.Debug|iPhoneSimulator.ActiveCfg = Debug|Any CPU
		{BCF3BD74-D8BD-45BF-B6C8-1B3A511992DD}.Debug|iPhoneSimulator.Build.0 = Debug|Any CPU
		{BCF3BD74-D8BD-45BF-B6C8-1B3A511992DD}.Debug|iPhoneSimulator.Deploy.0 = Debug|Any CPU
		{BCF3BD74-D8BD-45BF-B6C8-1B3A511992DD}.Release|Any CPU.ActiveCfg = Release|Any CPU
		{BCF3BD74-D8BD-45BF-B6C8-1B3A511992DD}.Release|Any CPU.Build.0 = Release|Any CPU
		{BCF3BD74-D8BD-45BF-B6C8-1B3A511992DD}.Release|Any CPU.Deploy.0 = Release|Any CPU
		{BCF3BD74-D8BD-45BF-B6C8-1B3A511992DD}.Release|iPhone.ActiveCfg = Release|Any CPU
		{BCF3BD74-D8BD-45BF-B6C8-1B3A511992DD}.Release|iPhone.Build.0 = Release|Any CPU
		{BCF3BD74-D8BD-45BF-B6C8-1B3A511992DD}.Release|iPhone.Deploy.0 = Release|Any CPU
		{BCF3BD74-D8BD-45BF-B6C8-1B3A511992DD}.Release|iPhoneSimulator.ActiveCfg = Release|Any CPU
		{BCF3BD74-D8BD-45BF-B6C8-1B3A511992DD}.Release|iPhoneSimulator.Build.0 = Release|Any CPU
		{BCF3BD74-D8BD-45BF-B6C8-1B3A511992DD}.Release|iPhoneSimulator.Deploy.0 = Release|Any CPU
		{0C0DF7CA-E67C-40FB-80B3-F172241F7D7F}.Ad-Hoc|Any CPU.ActiveCfg = Ad-Hoc|iPhone
		{0C0DF7CA-E67C-40FB-80B3-F172241F7D7F}.Ad-Hoc|Any CPU.Build.0 = Ad-Hoc|iPhone
		{0C0DF7CA-E67C-40FB-80B3-F172241F7D7F}.Ad-Hoc|Any CPU.Deploy.0 = Ad-Hoc|iPhone
		{0C0DF7CA-E67C-40FB-80B3-F172241F7D7F}.Ad-Hoc|iPhone.ActiveCfg = Ad-Hoc|iPhone
		{0C0DF7CA-E67C-40FB-80B3-F172241F7D7F}.Ad-Hoc|iPhone.Build.0 = Ad-Hoc|iPhone
		{0C0DF7CA-E67C-40FB-80B3-F172241F7D7F}.Ad-Hoc|iPhone.Deploy.0 = Ad-Hoc|iPhone
		{0C0DF7CA-E67C-40FB-80B3-F172241F7D7F}.Ad-Hoc|iPhoneSimulator.ActiveCfg = Ad-Hoc|iPhoneSimulator
		{0C0DF7CA-E67C-40FB-80B3-F172241F7D7F}.Ad-Hoc|iPhoneSimulator.Build.0 = Ad-Hoc|iPhoneSimulator
		{0C0DF7CA-E67C-40FB-80B3-F172241F7D7F}.Ad-Hoc|iPhoneSimulator.Deploy.0 = Ad-Hoc|iPhoneSimulator
		{0C0DF7CA-E67C-40FB-80B3-F172241F7D7F}.AppStore|Any CPU.ActiveCfg = AppStore|iPhone
		{0C0DF7CA-E67C-40FB-80B3-F172241F7D7F}.AppStore|Any CPU.Build.0 = AppStore|iPhone
		{0C0DF7CA-E67C-40FB-80B3-F172241F7D7F}.AppStore|Any CPU.Deploy.0 = AppStore|iPhone
		{0C0DF7CA-E67C-40FB-80B3-F172241F7D7F}.AppStore|iPhone.ActiveCfg = AppStore|iPhone
		{0C0DF7CA-E67C-40FB-80B3-F172241F7D7F}.AppStore|iPhone.Build.0 = AppStore|iPhone
		{0C0DF7CA-E67C-40FB-80B3-F172241F7D7F}.AppStore|iPhone.Deploy.0 = AppStore|iPhone
		{0C0DF7CA-E67C-40FB-80B3-F172241F7D7F}.AppStore|iPhoneSimulator.ActiveCfg = AppStore|iPhoneSimulator
		{0C0DF7CA-E67C-40FB-80B3-F172241F7D7F}.AppStore|iPhoneSimulator.Build.0 = AppStore|iPhoneSimulator
		{0C0DF7CA-E67C-40FB-80B3-F172241F7D7F}.AppStore|iPhoneSimulator.Deploy.0 = AppStore|iPhoneSimulator
		{0C0DF7CA-E67C-40FB-80B3-F172241F7D7F}.Debug|Any CPU.ActiveCfg = Debug|iPhoneSimulator
		{0C0DF7CA-E67C-40FB-80B3-F172241F7D7F}.Debug|Any CPU.Build.0 = Debug|iPhoneSimulator
		{0C0DF7CA-E67C-40FB-80B3-F172241F7D7F}.Debug|Any CPU.Deploy.0 = Debug|iPhoneSimulator
		{0C0DF7CA-E67C-40FB-80B3-F172241F7D7F}.Debug|iPhone.ActiveCfg = Debug|iPhone
		{0C0DF7CA-E67C-40FB-80B3-F172241F7D7F}.Debug|iPhone.Build.0 = Debug|iPhone
		{0C0DF7CA-E67C-40FB-80B3-F172241F7D7F}.Debug|iPhone.Deploy.0 = Debug|iPhone
		{0C0DF7CA-E67C-40FB-80B3-F172241F7D7F}.Debug|iPhoneSimulator.ActiveCfg = Debug|iPhoneSimulator
		{0C0DF7CA-E67C-40FB-80B3-F172241F7D7F}.Debug|iPhoneSimulator.Build.0 = Debug|iPhoneSimulator
		{0C0DF7CA-E67C-40FB-80B3-F172241F7D7F}.Debug|iPhoneSimulator.Deploy.0 = Debug|iPhoneSimulator
		{0C0DF7CA-E67C-40FB-80B3-F172241F7D7F}.Release|Any CPU.ActiveCfg = Release|iPhone
		{0C0DF7CA-E67C-40FB-80B3-F172241F7D7F}.Release|Any CPU.Build.0 = Release|iPhone
		{0C0DF7CA-E67C-40FB-80B3-F172241F7D7F}.Release|Any CPU.Deploy.0 = Release|iPhone
		{0C0DF7CA-E67C-40FB-80B3-F172241F7D7F}.Release|iPhone.ActiveCfg = Release|iPhone
		{0C0DF7CA-E67C-40FB-80B3-F172241F7D7F}.Release|iPhone.Build.0 = Release|iPhone
		{0C0DF7CA-E67C-40FB-80B3-F172241F7D7F}.Release|iPhone.Deploy.0 = Release|iPhone
		{0C0DF7CA-E67C-40FB-80B3-F172241F7D7F}.Release|iPhoneSimulator.ActiveCfg = Release|iPhoneSimulator
		{0C0DF7CA-E67C-40FB-80B3-F172241F7D7F}.Release|iPhoneSimulator.Build.0 = Release|iPhoneSimulator
		{0C0DF7CA-E67C-40FB-80B3-F172241F7D7F}.Release|iPhoneSimulator.Deploy.0 = Release|iPhoneSimulator
		{3942E8AA-54A8-426C-83EC-6DCA1BA1BD97}.Ad-Hoc|Any CPU.ActiveCfg = Debug|Any CPU
		{3942E8AA-54A8-426C-83EC-6DCA1BA1BD97}.Ad-Hoc|Any CPU.Build.0 = Debug|Any CPU
		{3942E8AA-54A8-426C-83EC-6DCA1BA1BD97}.Ad-Hoc|Any CPU.Deploy.0 = Debug|Any CPU
		{3942E8AA-54A8-426C-83EC-6DCA1BA1BD97}.Ad-Hoc|iPhone.ActiveCfg = Debug|Any CPU
		{3942E8AA-54A8-426C-83EC-6DCA1BA1BD97}.Ad-Hoc|iPhone.Build.0 = Debug|Any CPU
		{3942E8AA-54A8-426C-83EC-6DCA1BA1BD97}.Ad-Hoc|iPhone.Deploy.0 = Debug|Any CPU
		{3942E8AA-54A8-426C-83EC-6DCA1BA1BD97}.Ad-Hoc|iPhoneSimulator.ActiveCfg = Debug|Any CPU
		{3942E8AA-54A8-426C-83EC-6DCA1BA1BD97}.Ad-Hoc|iPhoneSimulator.Build.0 = Debug|Any CPU
		{3942E8AA-54A8-426C-83EC-6DCA1BA1BD97}.Ad-Hoc|iPhoneSimulator.Deploy.0 = Debug|Any CPU
		{3942E8AA-54A8-426C-83EC-6DCA1BA1BD97}.AppStore|Any CPU.ActiveCfg = Debug|Any CPU
		{3942E8AA-54A8-426C-83EC-6DCA1BA1BD97}.AppStore|Any CPU.Build.0 = Debug|Any CPU
		{3942E8AA-54A8-426C-83EC-6DCA1BA1BD97}.AppStore|Any CPU.Deploy.0 = Debug|Any CPU
		{3942E8AA-54A8-426C-83EC-6DCA1BA1BD97}.AppStore|iPhone.ActiveCfg = Debug|Any CPU
		{3942E8AA-54A8-426C-83EC-6DCA1BA1BD97}.AppStore|iPhone.Build.0 = Debug|Any CPU
		{3942E8AA-54A8-426C-83EC-6DCA1BA1BD97}.AppStore|iPhone.Deploy.0 = Debug|Any CPU
		{3942E8AA-54A8-426C-83EC-6DCA1BA1BD97}.AppStore|iPhoneSimulator.ActiveCfg = Debug|Any CPU
		{3942E8AA-54A8-426C-83EC-6DCA1BA1BD97}.AppStore|iPhoneSimulator.Build.0 = Debug|Any CPU
		{3942E8AA-54A8-426C-83EC-6DCA1BA1BD97}.AppStore|iPhoneSimulator.Deploy.0 = Debug|Any CPU
		{3942E8AA-54A8-426C-83EC-6DCA1BA1BD97}.Debug|Any CPU.ActiveCfg = Debug|Any CPU
		{3942E8AA-54A8-426C-83EC-6DCA1BA1BD97}.Debug|Any CPU.Build.0 = Debug|Any CPU
		{3942E8AA-54A8-426C-83EC-6DCA1BA1BD97}.Debug|Any CPU.Deploy.0 = Debug|Any CPU
		{3942E8AA-54A8-426C-83EC-6DCA1BA1BD97}.Debug|iPhone.ActiveCfg = Debug|Any CPU
		{3942E8AA-54A8-426C-83EC-6DCA1BA1BD97}.Debug|iPhone.Build.0 = Debug|Any CPU
		{3942E8AA-54A8-426C-83EC-6DCA1BA1BD97}.Debug|iPhone.Deploy.0 = Debug|Any CPU
		{3942E8AA-54A8-426C-83EC-6DCA1BA1BD97}.Debug|iPhoneSimulator.ActiveCfg = Debug|Any CPU
		{3942E8AA-54A8-426C-83EC-6DCA1BA1BD97}.Debug|iPhoneSimulator.Build.0 = Debug|Any CPU
		{3942E8AA-54A8-426C-83EC-6DCA1BA1BD97}.Debug|iPhoneSimulator.Deploy.0 = Debug|Any CPU
		{3942E8AA-54A8-426C-83EC-6DCA1BA1BD97}.Release|Any CPU.ActiveCfg = Release|Any CPU
		{3942E8AA-54A8-426C-83EC-6DCA1BA1BD97}.Release|Any CPU.Build.0 = Release|Any CPU
		{3942E8AA-54A8-426C-83EC-6DCA1BA1BD97}.Release|Any CPU.Deploy.0 = Release|Any CPU
		{3942E8AA-54A8-426C-83EC-6DCA1BA1BD97}.Release|iPhone.ActiveCfg = Release|Any CPU
		{3942E8AA-54A8-426C-83EC-6DCA1BA1BD97}.Release|iPhone.Build.0 = Release|Any CPU
		{3942E8AA-54A8-426C-83EC-6DCA1BA1BD97}.Release|iPhone.Deploy.0 = Release|Any CPU
		{3942E8AA-54A8-426C-83EC-6DCA1BA1BD97}.Release|iPhoneSimulator.ActiveCfg = Release|Any CPU
		{3942E8AA-54A8-426C-83EC-6DCA1BA1BD97}.Release|iPhoneSimulator.Build.0 = Release|Any CPU
		{3942E8AA-54A8-426C-83EC-6DCA1BA1BD97}.Release|iPhoneSimulator.Deploy.0 = Release|Any CPU
		{B19C892E-2628-4CA7-AD27-08D406A3B14B}.Ad-Hoc|Any CPU.ActiveCfg = Release|Any CPU
		{B19C892E-2628-4CA7-AD27-08D406A3B14B}.Ad-Hoc|Any CPU.Build.0 = Release|Any CPU
		{B19C892E-2628-4CA7-AD27-08D406A3B14B}.Ad-Hoc|iPhone.ActiveCfg = Release|Any CPU
		{B19C892E-2628-4CA7-AD27-08D406A3B14B}.Ad-Hoc|iPhone.Build.0 = Release|Any CPU
		{B19C892E-2628-4CA7-AD27-08D406A3B14B}.Ad-Hoc|iPhoneSimulator.ActiveCfg = Release|Any CPU
		{B19C892E-2628-4CA7-AD27-08D406A3B14B}.Ad-Hoc|iPhoneSimulator.Build.0 = Release|Any CPU
		{B19C892E-2628-4CA7-AD27-08D406A3B14B}.AppStore|Any CPU.ActiveCfg = Release|Any CPU
		{B19C892E-2628-4CA7-AD27-08D406A3B14B}.AppStore|Any CPU.Build.0 = Release|Any CPU
		{B19C892E-2628-4CA7-AD27-08D406A3B14B}.AppStore|iPhone.ActiveCfg = Release|Any CPU
		{B19C892E-2628-4CA7-AD27-08D406A3B14B}.AppStore|iPhone.Build.0 = Release|Any CPU
		{B19C892E-2628-4CA7-AD27-08D406A3B14B}.AppStore|iPhoneSimulator.ActiveCfg = Release|Any CPU
		{B19C892E-2628-4CA7-AD27-08D406A3B14B}.AppStore|iPhoneSimulator.Build.0 = Release|Any CPU
		{B19C892E-2628-4CA7-AD27-08D406A3B14B}.Debug|Any CPU.ActiveCfg = Debug|Any CPU
		{B19C892E-2628-4CA7-AD27-08D406A3B14B}.Debug|Any CPU.Build.0 = Debug|Any CPU
		{B19C892E-2628-4CA7-AD27-08D406A3B14B}.Debug|iPhone.ActiveCfg = Debug|Any CPU
		{B19C892E-2628-4CA7-AD27-08D406A3B14B}.Debug|iPhone.Build.0 = Debug|Any CPU
		{B19C892E-2628-4CA7-AD27-08D406A3B14B}.Debug|iPhoneSimulator.ActiveCfg = Debug|Any CPU
		{B19C892E-2628-4CA7-AD27-08D406A3B14B}.Debug|iPhoneSimulator.Build.0 = Debug|Any CPU
		{B19C892E-2628-4CA7-AD27-08D406A3B14B}.Release|Any CPU.ActiveCfg = Release|Any CPU
		{B19C892E-2628-4CA7-AD27-08D406A3B14B}.Release|Any CPU.Build.0 = Release|Any CPU
		{B19C892E-2628-4CA7-AD27-08D406A3B14B}.Release|iPhone.ActiveCfg = Release|Any CPU
		{B19C892E-2628-4CA7-AD27-08D406A3B14B}.Release|iPhone.Build.0 = Release|Any CPU
		{B19C892E-2628-4CA7-AD27-08D406A3B14B}.Release|iPhoneSimulator.ActiveCfg = Release|Any CPU
		{B19C892E-2628-4CA7-AD27-08D406A3B14B}.Release|iPhoneSimulator.Build.0 = Release|Any CPU
	EndGlobalSection
	GlobalSection(SolutionProperties) = preSolution
		HideSolutionNode = FALSE
	EndGlobalSection
	GlobalSection(ExtensibilityGlobals) = postSolution
		SolutionGuid = {72CFD9BF-346F-499D-BB4F-66EFFC4ECF5D}
	EndGlobalSection
EndGlobal
